PODS:
  - app_links (0.0.2):
    - Flutter
  - device_info_plus (0.0.1):
    - Flutter
  - DKImagePickerController/Core (4.3.4):
    - DKImagePickerController/ImageDataManager
    - DKImagePickerController/Resource
  - DKImagePickerController/ImageDataManager (4.3.4)
  - DKImagePickerController/PhotoGallery (4.3.4):
    - DKImagePickerController/Core
    - DKPhotoGallery
  - DKImagePickerController/Resource (4.3.4)
  - DKPhotoGallery (0.0.17):
    - DKPhotoGallery/Core (= 0.0.17)
    - DKPhotoGallery/Model (= 0.0.17)
    - DKPhotoGallery/Preview (= 0.0.17)
    - DKPhotoGallery/Resource (= 0.0.17)
    - SDWebImage
    - SwiftyGif
  - DKPhotoGallery/Core (0.0.17):
    - DKPhotoGallery/Model
    - DKPhotoGallery/Preview
    - SDWebImage
    - SwiftyGif
  - DKPhotoGallery/Model (0.0.17):
    - SDWebImage
    - SwiftyGif
  - DKPhotoGallery/Preview (0.0.17):
    - DKPhotoGallery/Model
    - DKPhotoGallery/Resource
    - SDWebImage
    - SwiftyGif
  - DKPhotoGallery/Resource (0.0.17):
    - SDWebImage
    - SwiftyGif
  - file_picker (0.0.1):
    - DKImagePickerController/PhotoGallery
    - Flutter
  - Flutter (1.0.0)
  - irondash_engine_context (0.0.1):
    - Flutter
  - path_provider_foundation (0.0.1):
    - Flutter
    - FlutterMacOS
  - SDWebImage (5.18.3):
    - SDWebImage/Core (= 5.18.3)
  - SDWebImage/Core (5.18.3)
  - super_native_extensions (0.0.1):
    - Flutter
  - SwiftyGif (5.4.4)
  - url_launcher_ios (0.0.1):
    - Flutter

DEPENDENCIES:
  - app_links (from `.symlinks/plugins/app_links/ios`)
  - device_info_plus (from `.symlinks/plugins/device_info_plus/ios`)
  - file_picker (from `.symlinks/plugins/file_picker/ios`)
  - Flutter (from `Flutter`)
  - irondash_engine_context (from `.symlinks/plugins/irondash_engine_context/ios`)
  - path_provider_foundation (from `.symlinks/plugins/path_provider_foundation/darwin`)
  - super_native_extensions (from `.symlinks/plugins/super_native_extensions/ios`)
  - url_launcher_ios (from `.symlinks/plugins/url_launcher_ios/ios`)

SPEC REPOS:
  trunk:
    - DKImagePickerController
    - DKPhotoGallery
    - SDWebImage
    - SwiftyGif

EXTERNAL SOURCES:
  app_links:
    :path: ".symlinks/plugins/app_links/ios"
  device_info_plus:
    :path: ".symlinks/plugins/device_info_plus/ios"
  file_picker:
    :path: ".symlinks/plugins/file_picker/ios"
  Flutter:
    :path: Flutter
  irondash_engine_context:
    :path: ".symlinks/plugins/irondash_engine_context/ios"
  path_provider_foundation:
    :path: ".symlinks/plugins/path_provider_foundation/darwin"
  super_native_extensions:
    :path: ".symlinks/plugins/super_native_extensions/ios"
  url_launcher_ios:
    :path: ".symlinks/plugins/url_launcher_ios/ios"

SPEC CHECKSUMS:
  app_links: e7a6750a915a9e161c58d91bc610e8cd1d4d0ad0
  device_info_plus: 97af1d7e84681a90d0693e63169a5d50e0839a0d
  DKImagePickerController: b512c28220a2b8ac7419f21c491fc8534b7601ac
  DKPhotoGallery: fdfad5125a9fdda9cc57df834d49df790dbb4179
  file_picker: 09aa5ec1ab24135ccd7a1621c46c84134bfd6655
  Flutter: e0871f40cf51350855a761d2e70bf5af5b9b5de7
  irondash_engine_context: 3458bf979b90d616ffb8ae03a150bafe2e860cc9
  path_provider_foundation: 2b6b4c569c0fb62ec74538f866245ac84301af46
  SDWebImage: 96e0c18ef14010b7485210e92fac888587ebb958
  super_native_extensions: 4916b3c627a9c7fffdc48a23a9eca0b1ac228fa7
  SwiftyGif: 93a1cc87bf3a51916001cf8f3d63835fb64c819f
  url_launcher_ios: 5334b05cef931de560670eeae103fd3e431ac3fe

PODFILE CHECKSUM: 7be2f5f74864d463a8ad433546ed1de7e0f29aef

COCOAPODS: 1.16.2
